
Microsoft Visual Studio Solution File, Format Version 12.00
# Visual Studio 15
VisualStudioVersion = 15.0.26430.14
MinimumVisualStudioVersion = 10.0.40219.1
Project("{FAE04EC0-301F-11D3-BF4B-00C04F79EFBC}") = "DroneLander.Android", "DroneLander\DroneLander.Android\DroneLander.Android.csproj", "{52324265-E2F2-4A95-8BBD-D53702F2FE51}"
EndProject
Project("{FAE04EC0-301F-11D3-BF4B-00C04F79EFBC}") = "DroneLander", "DroneLander\DroneLander\DroneLander.csproj", "{C0A786B0-08AE-41F9-9395-F113C8A3F303}"
EndProject
Project("{FAE04EC0-301F-11D3-BF4B-00C04F79EFBC}") = "DroneLander.UWP", "DroneLander\DroneLander.UWP\DroneLander.UWP.csproj", "{DCD15AD2-02EB-4ABA-9D33-18C6F02B9F9F}"
EndProject
Project("{FAE04EC0-301F-11D3-BF4B-00C04F79EFBC}") = "DroneLander.iOS", "DroneLander\DroneLander.iOS\DroneLander.iOS.csproj", "{5D62C103-057E-42A6-8458-4F7A332937EA}"
EndProject
Global
	GlobalSection(SolutionConfigurationPlatforms) = preSolution
		Ad-Hoc|Any CPU = Ad-Hoc|Any CPU
		Ad-Hoc|ARM = Ad-Hoc|ARM
		Ad-Hoc|iPhone = Ad-Hoc|iPhone
		Ad-Hoc|iPhoneSimulator = Ad-Hoc|iPhoneSimulator
		Ad-Hoc|x64 = Ad-Hoc|x64
		Ad-Hoc|x86 = Ad-Hoc|x86
		AppStore|Any CPU = AppStore|Any CPU
		AppStore|ARM = AppStore|ARM
		AppStore|iPhone = AppStore|iPhone
		AppStore|iPhoneSimulator = AppStore|iPhoneSimulator
		AppStore|x64 = AppStore|x64
		AppStore|x86 = AppStore|x86
		Debug|Any CPU = Debug|Any CPU
		Debug|ARM = Debug|ARM
		Debug|iPhone = Debug|iPhone
		Debug|iPhoneSimulator = Debug|iPhoneSimulator
		Debug|x64 = Debug|x64
		Debug|x86 = Debug|x86
		Release|Any CPU = Release|Any CPU
		Release|ARM = Release|ARM
		Release|iPhone = Release|iPhone
		Release|iPhoneSimulator = Release|iPhoneSimulator
		Release|x64 = Release|x64
		Release|x86 = Release|x86
	EndGlobalSection
	GlobalSection(ProjectConfigurationPlatforms) = postSolution
		{52324265-E2F2-4A95-8BBD-D53702F2FE51}.Ad-Hoc|Any CPU.ActiveCfg = Release|Any CPU
		{52324265-E2F2-4A95-8BBD-D53702F2FE51}.Ad-Hoc|Any CPU.Build.0 = Release|Any CPU
		{52324265-E2F2-4A95-8BBD-D53702F2FE51}.Ad-Hoc|Any CPU.Deploy.0 = Release|Any CPU
		{52324265-E2F2-4A95-8BBD-D53702F2FE51}.Ad-Hoc|ARM.ActiveCfg = Release|Any CPU
		{52324265-E2F2-4A95-8BBD-D53702F2FE51}.Ad-Hoc|ARM.Build.0 = Release|Any CPU
		{52324265-E2F2-4A95-8BBD-D53702F2FE51}.Ad-Hoc|ARM.Deploy.0 = Release|Any CPU
		{52324265-E2F2-4A95-8BBD-D53702F2FE51}.Ad-Hoc|iPhone.ActiveCfg = Release|Any CPU
		{52324265-E2F2-4A95-8BBD-D53702F2FE51}.Ad-Hoc|iPhone.Build.0 = Release|Any CPU
		{52324265-E2F2-4A95-8BBD-D53702F2FE51}.Ad-Hoc|iPhone.Deploy.0 = Release|Any CPU
		{52324265-E2F2-4A95-8BBD-D53702F2FE51}.Ad-Hoc|iPhoneSimulator.ActiveCfg = Release|Any CPU
		{52324265-E2F2-4A95-8BBD-D53702F2FE51}.Ad-Hoc|iPhoneSimulator.Build.0 = Release|Any CPU
		{52324265-E2F2-4A95-8BBD-D53702F2FE51}.Ad-Hoc|iPhoneSimulator.Deploy.0 = Release|Any CPU
		{52324265-E2F2-4A95-8BBD-D53702F2FE51}.Ad-Hoc|x64.ActiveCfg = Release|Any CPU
		{52324265-E2F2-4A95-8BBD-D53702F2FE51}.Ad-Hoc|x64.Build.0 = Release|Any CPU
		{52324265-E2F2-4A95-8BBD-D53702F2FE51}.Ad-Hoc|x64.Deploy.0 = Release|Any CPU
		{52324265-E2F2-4A95-8BBD-D53702F2FE51}.Ad-Hoc|x86.ActiveCfg = Release|Any CPU
		{52324265-E2F2-4A95-8BBD-D53702F2FE51}.Ad-Hoc|x86.Build.0 = Release|Any CPU
		{52324265-E2F2-4A95-8BBD-D53702F2FE51}.Ad-Hoc|x86.Deploy.0 = Release|Any CPU
		{52324265-E2F2-4A95-8BBD-D53702F2FE51}.AppStore|Any CPU.ActiveCfg = Release|Any CPU
		{52324265-E2F2-4A95-8BBD-D53702F2FE51}.AppStore|Any CPU.Build.0 = Release|Any CPU
		{52324265-E2F2-4A95-8BBD-D53702F2FE51}.AppStore|Any CPU.Deploy.0 = Release|Any CPU
		{52324265-E2F2-4A95-8BBD-D53702F2FE51}.AppStore|ARM.ActiveCfg = Release|Any CPU
		{52324265-E2F2-4A95-8BBD-D53702F2FE51}.AppStore|ARM.Build.0 = Release|Any CPU
		{52324265-E2F2-4A95-8BBD-D53702F2FE51}.AppStore|ARM.Deploy.0 = Release|Any CPU
		{52324265-E2F2-4A95-8BBD-D53702F2FE51}.AppStore|iPhone.ActiveCfg = Release|Any CPU
		{52324265-E2F2-4A95-8BBD-D53702F2FE51}.AppStore|iPhone.Build.0 = Release|Any CPU
		{52324265-E2F2-4A95-8BBD-D53702F2FE51}.AppStore|iPhone.Deploy.0 = Release|Any CPU
		{52324265-E2F2-4A95-8BBD-D53702F2FE51}.AppStore|iPhoneSimulator.ActiveCfg = Release|Any CPU
		{52324265-E2F2-4A95-8BBD-D53702F2FE51}.AppStore|iPhoneSimulator.Build.0 = Release|Any CPU
		{52324265-E2F2-4A95-8BBD-D53702F2FE51}.AppStore|iPhoneSimulator.Deploy.0 = Release|Any CPU
		{52324265-E2F2-4A95-8BBD-D53702F2FE51}.AppStore|x64.ActiveCfg = Release|Any CPU
		{52324265-E2F2-4A95-8BBD-D53702F2FE51}.AppStore|x64.Build.0 = Release|Any CPU
		{52324265-E2F2-4A95-8BBD-D53702F2FE51}.AppStore|x64.Deploy.0 = Release|Any CPU
		{52324265-E2F2-4A95-8BBD-D53702F2FE51}.AppStore|x86.ActiveCfg = Release|Any CPU
		{52324265-E2F2-4A95-8BBD-D53702F2FE51}.AppStore|x86.Build.0 = Release|Any CPU
		{52324265-E2F2-4A95-8BBD-D53702F2FE51}.AppStore|x86.Deploy.0 = Release|Any CPU
		{52324265-E2F2-4A95-8BBD-D53702F2FE51}.Debug|Any CPU.ActiveCfg = Debug|Any CPU
		{52324265-E2F2-4A95-8BBD-D53702F2FE51}.Debug|Any CPU.Build.0 = Debug|Any CPU
		{52324265-E2F2-4A95-8BBD-D53702F2FE51}.Debug|Any CPU.Deploy.0 = Debug|Any CPU
		{52324265-E2F2-4A95-8BBD-D53702F2FE51}.Debug|ARM.ActiveCfg = Debug|Any CPU
		{52324265-E2F2-4A95-8BBD-D53702F2FE51}.Debug|ARM.Build.0 = Debug|Any CPU
		{52324265-E2F2-4A95-8BBD-D53702F2FE51}.Debug|ARM.Deploy.0 = Debug|Any CPU
		{52324265-E2F2-4A95-8BBD-D53702F2FE51}.Debug|iPhone.ActiveCfg = Debug|Any CPU
		{52324265-E2F2-4A95-8BBD-D53702F2FE51}.Debug|iPhone.Build.0 = Debug|Any CPU
		{52324265-E2F2-4A95-8BBD-D53702F2FE51}.Debug|iPhone.Deploy.0 = Debug|Any CPU
		{52324265-E2F2-4A95-8BBD-D53702F2FE51}.Debug|iPhoneSimulator.ActiveCfg = Debug|Any CPU
		{52324265-E2F2-4A95-8BBD-D53702F2FE51}.Debug|iPhoneSimulator.Build.0 = Debug|Any CPU
		{52324265-E2F2-4A95-8BBD-D53702F2FE51}.Debug|iPhoneSimulator.Deploy.0 = Debug|Any CPU
		{52324265-E2F2-4A95-8BBD-D53702F2FE51}.Debug|x64.ActiveCfg = Debug|Any CPU
		{52324265-E2F2-4A95-8BBD-D53702F2FE51}.Debug|x64.Build.0 = Debug|Any CPU
		{52324265-E2F2-4A95-8BBD-D53702F2FE51}.Debug|x64.Deploy.0 = Debug|Any CPU
		{52324265-E2F2-4A95-8BBD-D53702F2FE51}.Debug|x86.ActiveCfg = Debug|Any CPU
		{52324265-E2F2-4A95-8BBD-D53702F2FE51}.Debug|x86.Build.0 = Debug|Any CPU
		{52324265-E2F2-4A95-8BBD-D53702F2FE51}.Debug|x86.Deploy.0 = Debug|Any CPU
		{52324265-E2F2-4A95-8BBD-D53702F2FE51}.Release|Any CPU.ActiveCfg = Release|Any CPU
		{52324265-E2F2-4A95-8BBD-D53702F2FE51}.Release|Any CPU.Build.0 = Release|Any CPU
		{52324265-E2F2-4A95-8BBD-D53702F2FE51}.Release|Any CPU.Deploy.0 = Release|Any CPU
		{52324265-E2F2-4A95-8BBD-D53702F2FE51}.Release|ARM.ActiveCfg = Release|Any CPU
		{52324265-E2F2-4A95-8BBD-D53702F2FE51}.Release|ARM.Build.0 = Release|Any CPU
		{52324265-E2F2-4A95-8BBD-D53702F2FE51}.Release|ARM.Deploy.0 = Release|Any CPU
		{52324265-E2F2-4A95-8BBD-D53702F2FE51}.Release|iPhone.ActiveCfg = Release|Any CPU
		{52324265-E2F2-4A95-8BBD-D53702F2FE51}.Release|iPhone.Build.0 = Release|Any CPU
		{52324265-E2F2-4A95-8BBD-D53702F2FE51}.Release|iPhone.Deploy.0 = Release|Any CPU
		{52324265-E2F2-4A95-8BBD-D53702F2FE51}.Release|iPhoneSimulator.ActiveCfg = Release|Any CPU
		{52324265-E2F2-4A95-8BBD-D53702F2FE51}.Release|iPhoneSimulator.Build.0 = Release|Any CPU
		{52324265-E2F2-4A95-8BBD-D53702F2FE51}.Release|iPhoneSimulator.Deploy.0 = Release|Any CPU
		{52324265-E2F2-4A95-8BBD-D53702F2FE51}.Release|x64.ActiveCfg = Release|Any CPU
		{52324265-E2F2-4A95-8BBD-D53702F2FE51}.Release|x64.Build.0 = Release|Any CPU
		{52324265-E2F2-4A95-8BBD-D53702F2FE51}.Release|x64.Deploy.0 = Release|Any CPU
		{52324265-E2F2-4A95-8BBD-D53702F2FE51}.Release|x86.ActiveCfg = Release|Any CPU
		{52324265-E2F2-4A95-8BBD-D53702F2FE51}.Release|x86.Build.0 = Release|Any CPU
		{52324265-E2F2-4A95-8BBD-D53702F2FE51}.Release|x86.Deploy.0 = Release|Any CPU
		{C0A786B0-08AE-41F9-9395-F113C8A3F303}.Ad-Hoc|Any CPU.ActiveCfg = Release|Any CPU
		{C0A786B0-08AE-41F9-9395-F113C8A3F303}.Ad-Hoc|Any CPU.Build.0 = Release|Any CPU
		{C0A786B0-08AE-41F9-9395-F113C8A3F303}.Ad-Hoc|ARM.ActiveCfg = Release|Any CPU
		{C0A786B0-08AE-41F9-9395-F113C8A3F303}.Ad-Hoc|ARM.Build.0 = Release|Any CPU
		{C0A786B0-08AE-41F9-9395-F113C8A3F303}.Ad-Hoc|iPhone.ActiveCfg = Release|Any CPU
		{C0A786B0-08AE-41F9-9395-F113C8A3F303}.Ad-Hoc|iPhone.Build.0 = Release|Any CPU
		{C0A786B0-08AE-41F9-9395-F113C8A3F303}.Ad-Hoc|iPhoneSimulator.ActiveCfg = Release|Any CPU
		{C0A786B0-08AE-41F9-9395-F113C8A3F303}.Ad-Hoc|iPhoneSimulator.Build.0 = Release|Any CPU
		{C0A786B0-08AE-41F9-9395-F113C8A3F303}.Ad-Hoc|x64.ActiveCfg = Release|Any CPU
		{C0A786B0-08AE-41F9-9395-F113C8A3F303}.Ad-Hoc|x64.Build.0 = Release|Any CPU
		{C0A786B0-08AE-41F9-9395-F113C8A3F303}.Ad-Hoc|x86.ActiveCfg = Release|Any CPU
		{C0A786B0-08AE-41F9-9395-F113C8A3F303}.Ad-Hoc|x86.Build.0 = Release|Any CPU
		{C0A786B0-08AE-41F9-9395-F113C8A3F303}.AppStore|Any CPU.ActiveCfg = Release|Any CPU
		{C0A786B0-08AE-41F9-9395-F113C8A3F303}.AppStore|Any CPU.Build.0 = Release|Any CPU
		{C0A786B0-08AE-41F9-9395-F113C8A3F303}.AppStore|ARM.ActiveCfg = Release|Any CPU
		{C0A786B0-08AE-41F9-9395-F113C8A3F303}.AppStore|ARM.Build.0 = Release|Any CPU
		{C0A786B0-08AE-41F9-9395-F113C8A3F303}.AppStore|iPhone.ActiveCfg = Release|Any CPU
		{C0A786B0-08AE-41F9-9395-F113C8A3F303}.AppStore|iPhone.Build.0 = Release|Any CPU
		{C0A786B0-08AE-41F9-9395-F113C8A3F303}.AppStore|iPhoneSimulator.ActiveCfg = Release|Any CPU
		{C0A786B0-08AE-41F9-9395-F113C8A3F303}.AppStore|iPhoneSimulator.Build.0 = Release|Any CPU
		{C0A786B0-08AE-41F9-9395-F113C8A3F303}.AppStore|x64.ActiveCfg = Release|Any CPU
		{C0A786B0-08AE-41F9-9395-F113C8A3F303}.AppStore|x64.Build.0 = Release|Any CPU
		{C0A786B0-08AE-41F9-9395-F113C8A3F303}.AppStore|x86.ActiveCfg = Release|Any CPU
		{C0A786B0-08AE-41F9-9395-F113C8A3F303}.AppStore|x86.Build.0 = Release|Any CPU
		{C0A786B0-08AE-41F9-9395-F113C8A3F303}.Debug|Any CPU.ActiveCfg = Debug|Any CPU
		{C0A786B0-08AE-41F9-9395-F113C8A3F303}.Debug|Any CPU.Build.0 = Debug|Any CPU
		{C0A786B0-08AE-41F9-9395-F113C8A3F303}.Debug|ARM.ActiveCfg = Debug|Any CPU
		{C0A786B0-08AE-41F9-9395-F113C8A3F303}.Debug|ARM.Build.0 = Debug|Any CPU
		{C0A786B0-08AE-41F9-9395-F113C8A3F303}.Debug|iPhone.ActiveCfg = Debug|Any CPU
		{C0A786B0-08AE-41F9-9395-F113C8A3F303}.Debug|iPhone.Build.0 = Debug|Any CPU
		{C0A786B0-08AE-41F9-9395-F113C8A3F303}.Debug|iPhoneSimulator.ActiveCfg = Debug|Any CPU
		{C0A786B0-08AE-41F9-9395-F113C8A3F303}.Debug|iPhoneSimulator.Build.0 = Debug|Any CPU
		{C0A786B0-08AE-41F9-9395-F113C8A3F303}.Debug|x64.ActiveCfg = Debug|Any CPU
		{C0A786B0-08AE-41F9-9395-F113C8A3F303}.Debug|x64.Build.0 = Debug|Any CPU
		{C0A786B0-08AE-41F9-9395-F113C8A3F303}.Debug|x86.ActiveCfg = Debug|Any CPU
		{C0A786B0-08AE-41F9-9395-F113C8A3F303}.Debug|x86.Build.0 = Debug|Any CPU
		{C0A786B0-08AE-41F9-9395-F113C8A3F303}.Release|Any CPU.ActiveCfg = Release|Any CPU
		{C0A786B0-08AE-41F9-9395-F113C8A3F303}.Release|Any CPU.Build.0 = Release|Any CPU
		{C0A786B0-08AE-41F9-9395-F113C8A3F303}.Release|ARM.ActiveCfg = Release|Any CPU
		{C0A786B0-08AE-41F9-9395-F113C8A3F303}.Release|ARM.Build.0 = Release|Any CPU
		{C0A786B0-08AE-41F9-9395-F113C8A3F303}.Release|iPhone.ActiveCfg = Release|Any CPU
		{C0A786B0-08AE-41F9-9395-F113C8A3F303}.Release|iPhone.Build.0 = Release|Any CPU
		{C0A786B0-08AE-41F9-9395-F113C8A3F303}.Release|iPhoneSimulator.ActiveCfg = Release|Any CPU
		{C0A786B0-08AE-41F9-9395-F113C8A3F303}.Release|iPhoneSimulator.Build.0 = Release|Any CPU
		{C0A786B0-08AE-41F9-9395-F113C8A3F303}.Release|x64.ActiveCfg = Release|Any CPU
		{C0A786B0-08AE-41F9-9395-F113C8A3F303}.Release|x64.Build.0 = Release|Any CPU
		{C0A786B0-08AE-41F9-9395-F113C8A3F303}.Release|x86.ActiveCfg = Release|Any CPU
		{C0A786B0-08AE-41F9-9395-F113C8A3F303}.Release|x86.Build.0 = Release|Any CPU
		{DCD15AD2-02EB-4ABA-9D33-18C6F02B9F9F}.Ad-Hoc|Any CPU.ActiveCfg = Release|x86
		{DCD15AD2-02EB-4ABA-9D33-18C6F02B9F9F}.Ad-Hoc|Any CPU.Build.0 = Release|x86
		{DCD15AD2-02EB-4ABA-9D33-18C6F02B9F9F}.Ad-Hoc|Any CPU.Deploy.0 = Release|x86
		{DCD15AD2-02EB-4ABA-9D33-18C6F02B9F9F}.Ad-Hoc|ARM.ActiveCfg = Release|ARM
		{DCD15AD2-02EB-4ABA-9D33-18C6F02B9F9F}.Ad-Hoc|ARM.Build.0 = Release|ARM
		{DCD15AD2-02EB-4ABA-9D33-18C6F02B9F9F}.Ad-Hoc|ARM.Deploy.0 = Release|ARM
		{DCD15AD2-02EB-4ABA-9D33-18C6F02B9F9F}.Ad-Hoc|iPhone.ActiveCfg = Release|x86
		{DCD15AD2-02EB-4ABA-9D33-18C6F02B9F9F}.Ad-Hoc|iPhone.Build.0 = Release|x86
		{DCD15AD2-02EB-4ABA-9D33-18C6F02B9F9F}.Ad-Hoc|iPhone.Deploy.0 = Release|x86
		{DCD15AD2-02EB-4ABA-9D33-18C6F02B9F9F}.Ad-Hoc|iPhoneSimulator.ActiveCfg = Release|x86
		{DCD15AD2-02EB-4ABA-9D33-18C6F02B9F9F}.Ad-Hoc|iPhoneSimulator.Build.0 = Release|x86
		{DCD15AD2-02EB-4ABA-9D33-18C6F02B9F9F}.Ad-Hoc|iPhoneSimulator.Deploy.0 = Release|x86
		{DCD15AD2-02EB-4ABA-9D33-18C6F02B9F9F}.Ad-Hoc|x64.ActiveCfg = Release|x64
		{DCD15AD2-02EB-4ABA-9D33-18C6F02B9F9F}.Ad-Hoc|x64.Build.0 = Release|x64
		{DCD15AD2-02EB-4ABA-9D33-18C6F02B9F9F}.Ad-Hoc|x64.Deploy.0 = Release|x64
		{DCD15AD2-02EB-4ABA-9D33-18C6F02B9F9F}.Ad-Hoc|x86.ActiveCfg = Release|x86
		{DCD15AD2-02EB-4ABA-9D33-18C6F02B9F9F}.Ad-Hoc|x86.Build.0 = Release|x86
		{DCD15AD2-02EB-4ABA-9D33-18C6F02B9F9F}.Ad-Hoc|x86.Deploy.0 = Release|x86
		{DCD15AD2-02EB-4ABA-9D33-18C6F02B9F9F}.AppStore|Any CPU.ActiveCfg = Release|x86
		{DCD15AD2-02EB-4ABA-9D33-18C6F02B9F9F}.AppStore|Any CPU.Build.0 = Release|x86
		{DCD15AD2-02EB-4ABA-9D33-18C6F02B9F9F}.AppStore|Any CPU.Deploy.0 = Release|x86
		{DCD15AD2-02EB-4ABA-9D33-18C6F02B9F9F}.AppStore|ARM.ActiveCfg = Release|ARM
		{DCD15AD2-02EB-4ABA-9D33-18C6F02B9F9F}.AppStore|ARM.Build.0 = Release|ARM
		{DCD15AD2-02EB-4ABA-9D33-18C6F02B9F9F}.AppStore|ARM.Deploy.0 = Release|ARM
		{DCD15AD2-02EB-4ABA-9D33-18C6F02B9F9F}.AppStore|iPhone.ActiveCfg = Release|x86
		{DCD15AD2-02EB-4ABA-9D33-18C6F02B9F9F}.AppStore|iPhone.Build.0 = Release|x86
		{DCD15AD2-02EB-4ABA-9D33-18C6F02B9F9F}.AppStore|iPhone.Deploy.0 = Release|x86
		{DCD15AD2-02EB-4ABA-9D33-18C6F02B9F9F}.AppStore|iPhoneSimulator.ActiveCfg = Release|x86
		{DCD15AD2-02EB-4ABA-9D33-18C6F02B9F9F}.AppStore|iPhoneSimulator.Build.0 = Release|x86
		{DCD15AD2-02EB-4ABA-9D33-18C6F02B9F9F}.AppStore|iPhoneSimulator.Deploy.0 = Release|x86
		{DCD15AD2-02EB-4ABA-9D33-18C6F02B9F9F}.AppStore|x64.ActiveCfg = Release|x64
		{DCD15AD2-02EB-4ABA-9D33-18C6F02B9F9F}.AppStore|x64.Build.0 = Release|x64
		{DCD15AD2-02EB-4ABA-9D33-18C6F02B9F9F}.AppStore|x64.Deploy.0 = Release|x64
		{DCD15AD2-02EB-4ABA-9D33-18C6F02B9F9F}.AppStore|x86.ActiveCfg = Release|x86
		{DCD15AD2-02EB-4ABA-9D33-18C6F02B9F9F}.AppStore|x86.Build.0 = Release|x86
		{DCD15AD2-02EB-4ABA-9D33-18C6F02B9F9F}.AppStore|x86.Deploy.0 = Release|x86
		{DCD15AD2-02EB-4ABA-9D33-18C6F02B9F9F}.Debug|Any CPU.ActiveCfg = Debug|x86
		{DCD15AD2-02EB-4ABA-9D33-18C6F02B9F9F}.Debug|Any CPU.Build.0 = Debug|x86
		{DCD15AD2-02EB-4ABA-9D33-18C6F02B9F9F}.Debug|Any CPU.Deploy.0 = Debug|x86
		{DCD15AD2-02EB-4ABA-9D33-18C6F02B9F9F}.Debug|ARM.ActiveCfg = Debug|ARM
		{DCD15AD2-02EB-4ABA-9D33-18C6F02B9F9F}.Debug|ARM.Build.0 = Debug|ARM
		{DCD15AD2-02EB-4ABA-9D33-18C6F02B9F9F}.Debug|ARM.Deploy.0 = Debug|ARM
		{DCD15AD2-02EB-4ABA-9D33-18C6F02B9F9F}.Debug|iPhone.ActiveCfg = Debug|x86
		{DCD15AD2-02EB-4ABA-9D33-18C6F02B9F9F}.Debug|iPhoneSimulator.ActiveCfg = Debug|x86
		{DCD15AD2-02EB-4ABA-9D33-18C6F02B9F9F}.Debug|x64.ActiveCfg = Debug|x64
		{DCD15AD2-02EB-4ABA-9D33-18C6F02B9F9F}.Debug|x64.Build.0 = Debug|x64
		{DCD15AD2-02EB-4ABA-9D33-18C6F02B9F9F}.Debug|x64.Deploy.0 = Debug|x64
		{DCD15AD2-02EB-4ABA-9D33-18C6F02B9F9F}.Debug|x86.ActiveCfg = Debug|x86
		{DCD15AD2-02EB-4ABA-9D33-18C6F02B9F9F}.Debug|x86.Build.0 = Debug|x86
		{DCD15AD2-02EB-4ABA-9D33-18C6F02B9F9F}.Debug|x86.Deploy.0 = Debug|x86
		{DCD15AD2-02EB-4ABA-9D33-18C6F02B9F9F}.Release|Any CPU.ActiveCfg = Release|x86
		{DCD15AD2-02EB-4ABA-9D33-18C6F02B9F9F}.Release|ARM.ActiveCfg = Release|ARM
		{DCD15AD2-02EB-4ABA-9D33-18C6F02B9F9F}.Release|ARM.Build.0 = Release|ARM
		{DCD15AD2-02EB-4ABA-9D33-18C6F02B9F9F}.Release|ARM.Deploy.0 = Release|ARM
		{DCD15AD2-02EB-4ABA-9D33-18C6F02B9F9F}.Release|iPhone.ActiveCfg = Release|x86
		{DCD15AD2-02EB-4ABA-9D33-18C6F02B9F9F}.Release|iPhoneSimulator.ActiveCfg = Release|x86
		{DCD15AD2-02EB-4ABA-9D33-18C6F02B9F9F}.Release|x64.ActiveCfg = Release|x64
		{DCD15AD2-02EB-4ABA-9D33-18C6F02B9F9F}.Release|x64.Build.0 = Release|x64
		{DCD15AD2-02EB-4ABA-9D33-18C6F02B9F9F}.Release|x64.Deploy.0 = Release|x64
		{DCD15AD2-02EB-4ABA-9D33-18C6F02B9F9F}.Release|x86.ActiveCfg = Release|x86
		{DCD15AD2-02EB-4ABA-9D33-18C6F02B9F9F}.Release|x86.Build.0 = Release|x86
		{DCD15AD2-02EB-4ABA-9D33-18C6F02B9F9F}.Release|x86.Deploy.0 = Release|x86
		{5D62C103-057E-42A6-8458-4F7A332937EA}.Ad-Hoc|Any CPU.ActiveCfg = Ad-Hoc|iPhone
		{5D62C103-057E-42A6-8458-4F7A332937EA}.Ad-Hoc|ARM.ActiveCfg = Ad-Hoc|iPhone
		{5D62C103-057E-42A6-8458-4F7A332937EA}.Ad-Hoc|iPhone.ActiveCfg = Ad-Hoc|iPhone
		{5D62C103-057E-42A6-8458-4F7A332937EA}.Ad-Hoc|iPhone.Build.0 = Ad-Hoc|iPhone
		{5D62C103-057E-42A6-8458-4F7A332937EA}.Ad-Hoc|iPhoneSimulator.ActiveCfg = Ad-Hoc|iPhoneSimulator
		{5D62C103-057E-42A6-8458-4F7A332937EA}.Ad-Hoc|iPhoneSimulator.Build.0 = Ad-Hoc|iPhoneSimulator
		{5D62C103-057E-42A6-8458-4F7A332937EA}.Ad-Hoc|x64.ActiveCfg = Ad-Hoc|iPhone
		{5D62C103-057E-42A6-8458-4F7A332937EA}.Ad-Hoc|x86.ActiveCfg = Ad-Hoc|iPhone
		{5D62C103-057E-42A6-8458-4F7A332937EA}.AppStore|Any CPU.ActiveCfg = AppStore|iPhone
		{5D62C103-057E-42A6-8458-4F7A332937EA}.AppStore|ARM.ActiveCfg = AppStore|iPhone
		{5D62C103-057E-42A6-8458-4F7A332937EA}.AppStore|iPhone.ActiveCfg = AppStore|iPhone
		{5D62C103-057E-42A6-8458-4F7A332937EA}.AppStore|iPhone.Build.0 = AppStore|iPhone
		{5D62C103-057E-42A6-8458-4F7A332937EA}.AppStore|iPhoneSimulator.ActiveCfg = AppStore|iPhoneSimulator
		{5D62C103-057E-42A6-8458-4F7A332937EA}.AppStore|iPhoneSimulator.Build.0 = AppStore|iPhoneSimulator
		{5D62C103-057E-42A6-8458-4F7A332937EA}.AppStore|x64.ActiveCfg = AppStore|iPhone
		{5D62C103-057E-42A6-8458-4F7A332937EA}.AppStore|x86.ActiveCfg = AppStore|iPhone
		{5D62C103-057E-42A6-8458-4F7A332937EA}.Debug|Any CPU.ActiveCfg = Debug|iPhone
		{5D62C103-057E-42A6-8458-4F7A332937EA}.Debug|ARM.ActiveCfg = Debug|iPhone
		{5D62C103-057E-42A6-8458-4F7A332937EA}.Debug|iPhone.ActiveCfg = Debug|iPhone
		{5D62C103-057E-42A6-8458-4F7A332937EA}.Debug|iPhone.Build.0 = Debug|iPhone
		{5D62C103-057E-42A6-8458-4F7A332937EA}.Debug|iPhoneSimulator.ActiveCfg = Debug|iPhoneSimulator
		{5D62C103-057E-42A6-8458-4F7A332937EA}.Debug|iPhoneSimulator.Build.0 = Debug|iPhoneSimulator
		{5D62C103-057E-42A6-8458-4F7A332937EA}.Debug|x64.ActiveCfg = Debug|iPhone
		{5D62C103-057E-42A6-8458-4F7A332937EA}.Debug|x86.ActiveCfg = Debug|iPhone
		{5D62C103-057E-42A6-8458-4F7A332937EA}.Release|Any CPU.ActiveCfg = Release|iPhone
		{5D62C103-057E-42A6-8458-4F7A332937EA}.Release|ARM.ActiveCfg = Release|iPhone
		{5D62C103-057E-42A6-8458-4F7A332937EA}.Release|iPhone.ActiveCfg = Release|iPhone
		{5D62C103-057E-42A6-8458-4F7A332937EA}.Release|iPhone.Build.0 = Release|iPhone
		{5D62C103-057E-42A6-8458-4F7A332937EA}.Release|iPhoneSimulator.ActiveCfg = Release|iPhoneSimulator
		{5D62C103-057E-42A6-8458-4F7A332937EA}.Release|iPhoneSimulator.Build.0 = Release|iPhoneSimulator
		{5D62C103-057E-42A6-8458-4F7A332937EA}.Release|x64.ActiveCfg = Release|iPhone
		{5D62C103-057E-42A6-8458-4F7A332937EA}.Release|x86.ActiveCfg = Release|iPhone
	EndGlobalSection
	GlobalSection(SolutionProperties) = preSolution
		HideSolutionNode = FALSE
	EndGlobalSection
EndGlobal
